
Microsoft Visual Studio Solution File, Format Version 12.00
# Visual Studio Version 16
VisualStudioVersion = 16.0.30914.41
MinimumVisualStudioVersion = 10.0.40219.1
Project("{2150E333-8FDC-42A3-9474-1A3956D46DE8}") = "HelloWorld", "HelloWorld", "{EBB6E8CC-5A0F-43B6-8933-30157F48167F}"
EndProject
Project("{9A19103F-16F7-4668-BE54-9A1E7A4F7556}") = "Producer", "HelloWorld\Producer\Producer.csproj", "{C687B7E8-5148-471B-A127-EFA2BD162747}"
EndProject
Project("{9A19103F-16F7-4668-BE54-9A1E7A4F7556}") = "Consumer", "HelloWorld\Consumer\Consumer.csproj", "{DFC1AA4E-E050-4FA3-974C-A142B0543F07}"
EndProject
Project("{2150E333-8FDC-42A3-9474-1A3956D46DE8}") = "WorkQueues", "WorkQueues", "{06EBD33B-C68F-4095-86A5-544E17691634}"
EndProject
Project("{9A19103F-16F7-4668-BE54-9A1E7A4F7556}") = "Consumer", "WorkQueues\Consumer\Consumer.csproj", "{06ED5C17-A270-41D8-B377-DE6F086F40A3}"
EndProject
Project("{9A19103F-16F7-4668-BE54-9A1E7A4F7556}") = "Producer", "WorkQueues\Producer\Producer.csproj", "{2E0770A0-099A-4C14-AD94-4329E61F6A58}"
EndProject
Project("{2150E333-8FDC-42A3-9474-1A3956D46DE8}") = "Topics", "Topics", "{E19D570C-3139-464F-A556-0A7600775152}"
EndProject
Project("{9A19103F-16F7-4668-BE54-9A1E7A4F7556}") = "Producer", "Topics\Producer\Producer.csproj", "{67EF830E-8BC6-4346-9C88-E0BDF41561C1}"
EndProject
Project("{9A19103F-16F7-4668-BE54-9A1E7A4F7556}") = "Consumer", "Topics\Consumer\Consumer.csproj", "{CAF34E21-C33D-4761-9F38-981F90B80051}"
EndProject
Project("{2150E333-8FDC-42A3-9474-1A3956D46DE8}") = "Routing", "Routing", "{0E28EE4E-4175-4A2F-BC50-1D18721436F8}"
EndProject
Project("{9A19103F-16F7-4668-BE54-9A1E7A4F7556}") = "Producer", "Routing\Producer\Producer.csproj", "{DF79E471-3CCA-4A0A-8C31-704E0EE5074C}"
EndProject
Project("{9A19103F-16F7-4668-BE54-9A1E7A4F7556}") = "Consumer", "Routing\Consumer\Consumer.csproj", "{09DEB6B0-B9BE-43C1-B234-DD18F42B8E62}"
EndProject
Global
	GlobalSection(SolutionConfigurationPlatforms) = preSolution
		Debug|Any CPU = Debug|Any CPU
		Release|Any CPU = Release|Any CPU
	EndGlobalSection
	GlobalSection(ProjectConfigurationPlatforms) = postSolution
		{C687B7E8-5148-471B-A127-EFA2BD162747}.Debug|Any CPU.ActiveCfg = Debug|Any CPU
		{C687B7E8-5148-471B-A127-EFA2BD162747}.Debug|Any CPU.Build.0 = Debug|Any CPU
		{C687B7E8-5148-471B-A127-EFA2BD162747}.Release|Any CPU.ActiveCfg = Release|Any CPU
		{C687B7E8-5148-471B-A127-EFA2BD162747}.Release|Any CPU.Build.0 = Release|Any CPU
		{DFC1AA4E-E050-4FA3-974C-A142B0543F07}.Debug|Any CPU.ActiveCfg = Debug|Any CPU
		{DFC1AA4E-E050-4FA3-974C-A142B0543F07}.Debug|Any CPU.Build.0 = Debug|Any CPU
		{DFC1AA4E-E050-4FA3-974C-A142B0543F07}.Release|Any CPU.ActiveCfg = Release|Any CPU
		{DFC1AA4E-E050-4FA3-974C-A142B0543F07}.Release|Any CPU.Build.0 = Release|Any CPU
		{06ED5C17-A270-41D8-B377-DE6F086F40A3}.Debug|Any CPU.ActiveCfg = Debug|Any CPU
		{06ED5C17-A270-41D8-B377-DE6F086F40A3}.Debug|Any CPU.Build.0 = Debug|Any CPU
		{06ED5C17-A270-41D8-B377-DE6F086F40A3}.Release|Any CPU.ActiveCfg = Release|Any CPU
		{06ED5C17-A270-41D8-B377-DE6F086F40A3}.Release|Any CPU.Build.0 = Release|Any CPU
		{2E0770A0-099A-4C14-AD94-4329E61F6A58}.Debug|Any CPU.ActiveCfg = Debug|Any CPU
		{2E0770A0-099A-4C14-AD94-4329E61F6A58}.Debug|Any CPU.Build.0 = Debug|Any CPU
		{2E0770A0-099A-4C14-AD94-4329E61F6A58}.Release|Any CPU.ActiveCfg = Release|Any CPU
		{2E0770A0-099A-4C14-AD94-4329E61F6A58}.Release|Any CPU.Build.0 = Release|Any CPU
		{67EF830E-8BC6-4346-9C88-E0BDF41561C1}.Debug|Any CPU.ActiveCfg = Debug|Any CPU
		{67EF830E-8BC6-4346-9C88-E0BDF41561C1}.Debug|Any CPU.Build.0 = Debug|Any CPU
		{67EF830E-8BC6-4346-9C88-E0BDF41561C1}.Release|Any CPU.ActiveCfg = Release|Any CPU
		{67EF830E-8BC6-4346-9C88-E0BDF41561C1}.Release|Any CPU.Build.0 = Release|Any CPU
		{CAF34E21-C33D-4761-9F38-981F90B80051}.Debug|Any CPU.ActiveCfg = Debug|Any CPU
		{CAF34E21-C33D-4761-9F38-981F90B80051}.Debug|Any CPU.Build.0 = Debug|Any CPU
		{CAF34E21-C33D-4761-9F38-981F90B80051}.Release|Any CPU.ActiveCfg = Release|Any CPU
		{CAF34E21-C33D-4761-9F38-981F90B80051}.Release|Any CPU.Build.0 = Release|Any CPU
		{DF79E471-3CCA-4A0A-8C31-704E0EE5074C}.Debug|Any CPU.ActiveCfg = Debug|Any CPU
		{DF79E471-3CCA-4A0A-8C31-704E0EE5074C}.Debug|Any CPU.Build.0 = Debug|Any CPU
		{DF79E471-3CCA-4A0A-8C31-704E0EE5074C}.Release|Any CPU.ActiveCfg = Release|Any CPU
		{DF79E471-3CCA-4A0A-8C31-704E0EE5074C}.Release|Any CPU.Build.0 = Release|Any CPU
		{09DEB6B0-B9BE-43C1-B234-DD18F42B8E62}.Debug|Any CPU.ActiveCfg = Debug|Any CPU
		{09DEB6B0-B9BE-43C1-B234-DD18F42B8E62}.Debug|Any CPU.Build.0 = Debug|Any CPU
		{09DEB6B0-B9BE-43C1-B234-DD18F42B8E62}.Release|Any CPU.ActiveCfg = Release|Any CPU
		{09DEB6B0-B9BE-43C1-B234-DD18F42B8E62}.Release|Any CPU.Build.0 = Release|Any CPU
	EndGlobalSection
	GlobalSection(SolutionProperties) = preSolution
		HideSolutionNode = FALSE
	EndGlobalSection
	GlobalSection(NestedProjects) = preSolution
		{C687B7E8-5148-471B-A127-EFA2BD162747} = {EBB6E8CC-5A0F-43B6-8933-30157F48167F}
		{DFC1AA4E-E050-4FA3-974C-A142B0543F07} = {EBB6E8CC-5A0F-43B6-8933-30157F48167F}
		{06ED5C17-A270-41D8-B377-DE6F086F40A3} = {06EBD33B-C68F-4095-86A5-544E17691634}
		{2E0770A0-099A-4C14-AD94-4329E61F6A58} = {06EBD33B-C68F-4095-86A5-544E17691634}
		{67EF830E-8BC6-4346-9C88-E0BDF41561C1} = {E19D570C-3139-464F-A556-0A7600775152}
		{CAF34E21-C33D-4761-9F38-981F90B80051} = {E19D570C-3139-464F-A556-0A7600775152}
		{DF79E471-3CCA-4A0A-8C31-704E0EE5074C} = {0E28EE4E-4175-4A2F-BC50-1D18721436F8}
		{09DEB6B0-B9BE-43C1-B234-DD18F42B8E62} = {0E28EE4E-4175-4A2F-BC50-1D18721436F8}
	EndGlobalSection
	GlobalSection(ExtensibilityGlobals) = postSolution
		SolutionGuid = {6F42072C-6050-49DA-B15D-5319C954D6EA}
	EndGlobalSection
EndGlobal
